
Microsoft Visual Studio Solution File, Format Version 12.00
# Visual Studio Version 16
VisualStudioVersion = 16.0.30621.155
MinimumVisualStudioVersion = 10.0.40219.1
Project("{FAE04EC0-301F-11D3-BF4B-00C04F79EFBC}") = "Classe_Compte", "Classe_Compte\Classe_Compte.csproj", "{2B1F2C01-A079-40B4-A2FF-A860C1092727}"
EndProject
Global
	GlobalSection(SolutionConfigurationPlatforms) = preSolution
		Debug|Any CPU = Debug|Any CPU
		Release|Any CPU = Release|Any CPU
	EndGlobalSection
	GlobalSection(ProjectConfigurationPlatforms) = postSolution
		{2B1F2C01-A079-40B4-A2FF-A860C1092727}.Debug|Any CPU.ActiveCfg = Debug|Any CPU
		{2B1F2C01-A079-40B4-A2FF-A860C1092727}.Debug|Any CPU.Build.0 = Debug|Any CPU
		{2B1F2C01-A079-40B4-A2FF-A860C1092727}.Release|Any CPU.ActiveCfg = Release|Any CPU
		{2B1F2C01-A079-40B4-A2FF-A860C1092727}.Release|Any CPU.Build.0 = Release|Any CPU
	EndGlobalSection
	GlobalSection(SolutionProperties) = preSolution
		HideSolutionNode = FALSE
	EndGlobalSection
	GlobalSection(ExtensibilityGlobals) = postSolution
		SolutionGuid = {ED19E716-0903-4378-BD73-C21665B5A114}
	EndGlobalSection
EndGlobal
